// !$*UTF8*$!
{
	archiveVersion = 1;
	classes = {
	};
	objectVersion = 50;
	objects = {

/* Begin PBXBuildFile section */
		741A42B821B02048008F24F8 /* DataModel.xcdatamodeld in Sources */ = {isa = PBXBuildFile; fileRef = 741A42B621B02048008F24F8 /* DataModel.xcdatamodeld */; };
		7466D84C21AE9EC1001C5EA2 /* AppDelegate.swift in Sources */ = {isa = PBXBuildFile; fileRef = 7466D84B21AE9EC1001C5EA2 /* AppDelegate.swift */; };
		7466D84E21AE9EC1001C5EA2 /* TODOListViewController.swift in Sources */ = {isa = PBXBuildFile; fileRef = 7466D84D21AE9EC1001C5EA2 /* TODOListViewController.swift */; };
		7466D85121AE9EC1001C5EA2 /* Main.storyboard in Resources */ = {isa = PBXBuildFile; fileRef = 7466D84F21AE9EC1001C5EA2 /* Main.storyboard */; };
		7466D85321AE9EC3001C5EA2 /* Assets.xcassets in Resources */ = {isa = PBXBuildFile; fileRef = 7466D85221AE9EC3001C5EA2 /* Assets.xcassets */; };
		7466D85621AE9EC3001C5EA2 /* LaunchScreen.storyboard in Resources */ = {isa = PBXBuildFile; fileRef = 7466D85421AE9EC3001C5EA2 /* LaunchScreen.storyboard */; };
/* End PBXBuildFile section */

/* Begin PBXFileReference section */
		741A42B721B02048008F24F8 /* DataModel.xcdatamodel */ = {isa = PBXFileReference; lastKnownFileType = wrapper.xcdatamodel; path = DataModel.xcdatamodel; sourceTree = "<group>"; };
		7466D84821AE9EC1001C5EA2 /* DO-List.app */ = {isa = PBXFileReference; explicitFileType = wrapper.application; includeInIndex = 0; path = "DO-List.app"; sourceTree = BUILT_PRODUCTS_DIR; };
		7466D84B21AE9EC1001C5EA2 /* AppDelegate.swift */ = {isa = PBXFileReference; lastKnownFileType = sourcecode.swift; path = AppDelegate.swift; sourceTree = "<group>"; };
		7466D84D21AE9EC1001C5EA2 /* TODOListViewController.swift */ = {isa = PBXFileReference; lastKnownFileType = sourcecode.swift; path = TODOListViewController.swift; sourceTree = "<group>"; };
		7466D85021AE9EC1001C5EA2 /* Base */ = {isa = PBXFileReference; lastKnownFileType = file.storyboard; name = Base; path = Base.lproj/Main.storyboard; sourceTree = "<group>"; };
		7466D85221AE9EC3001C5EA2 /* Assets.xcassets */ = {isa = PBXFileReference; lastKnownFileType = folder.assetcatalog; path = Assets.xcassets; sourceTree = "<group>"; };
		7466D85521AE9EC3001C5EA2 /* Base */ = {isa = PBXFileReference; lastKnownFileType = file.storyboard; name = Base; path = Base.lproj/LaunchScreen.storyboard; sourceTree = "<group>"; };
		7466D85721AE9EC3001C5EA2 /* Info.plist */ = {isa = PBXFileReference; lastKnownFileType = text.plist.xml; path = Info.plist; sourceTree = "<group>"; };
/* End PBXFileReference section */

/* Begin PBXFrameworksBuildPhase section */
		7466D84521AE9EC1001C5EA2 /* Frameworks */ = {
			isa = PBXFrameworksBuildPhase;
			buildActionMask = 2147483647;
			files = (
			);
			runOnlyForDeploymentPostprocessing = 0;
		};
/* End PBXFrameworksBuildPhase section */

/* Begin PBXGroup section */
		7466D83F21AE9EC1001C5EA2 = {
			isa = PBXGroup;
			children = (
				7466D84A21AE9EC1001C5EA2 /* DO-List */,
				7466D84921AE9EC1001C5EA2 /* Products */,
			);
			sourceTree = "<group>";
		};
		7466D84921AE9EC1001C5EA2 /* Products */ = {
			isa = PBXGroup;
			children = (
				7466D84821AE9EC1001C5EA2 /* DO-List.app */,
			);
			name = Products;
			sourceTree = "<group>";
		};
		7466D84A21AE9EC1001C5EA2 /* DO-List */ = {
			isa = PBXGroup;
			children = (
				7466D84B21AE9EC1001C5EA2 /* AppDelegate.swift */,
				7466D86021AF0EF1001C5EA2 /* Controllers */,
				7466D86121AF0EF9001C5EA2 /* Views */,
				7466D86221AF0F16001C5EA2 /* Supporting Files */,
				7466D85721AE9EC3001C5EA2 /* Info.plist */,
				7466D85F21AF0EE4001C5EA2 /* Data Model */,
			);
			path = "DO-List";
			sourceTree = "<group>";
		};
		7466D85F21AF0EE4001C5EA2 /* Data Model */ = {
			isa = PBXGroup;
			children = (
				741A42B621B02048008F24F8 /* DataModel.xcdatamodeld */,
			);
			path = "Data Model";
			sourceTree = "<group>";
		};
		7466D86021AF0EF1001C5EA2 /* Controllers */ = {
			isa = PBXGroup;
			children = (
				7466D84D21AE9EC1001C5EA2 /* TODOListViewController.swift */,
			);
			path = Controllers;
			sourceTree = "<group>";
		};
		7466D86121AF0EF9001C5EA2 /* Views */ = {
			isa = PBXGroup;
			children = (
				7466D84F21AE9EC1001C5EA2 /* Main.storyboard */,
			);
			path = Views;
			sourceTree = "<group>";
		};
		7466D86221AF0F16001C5EA2 /* Supporting Files */ = {
			isa = PBXGroup;
			children = (
				7466D85221AE9EC3001C5EA2 /* Assets.xcassets */,
				7466D85421AE9EC3001C5EA2 /* LaunchScreen.storyboard */,
			);
			path = "Supporting Files";
			sourceTree = "<group>";
		};
/* End PBXGroup section */

/* Begin PBXNativeTarget section */
		7466D84721AE9EC1001C5EA2 /* DO-List */ = {
			isa = PBXNativeTarget;
			buildConfigurationList = 7466D85A21AE9EC3001C5EA2 /* Build configuration list for PBXNativeTarget "DO-List" */;
			buildPhases = (
				7466D84421AE9EC1001C5EA2 /* Sources */,
				7466D84521AE9EC1001C5EA2 /* Frameworks */,
				7466D84621AE9EC1001C5EA2 /* Resources */,
			);
			buildRules = (
			);
			dependencies = (
			);
			name = "DO-List";
			productName = "DO-List";
			productReference = 7466D84821AE9EC1001C5EA2 /* DO-List.app */;
			productType = "com.apple.product-type.application";
		};
/* End PBXNativeTarget section */

/* Begin PBXProject section */
		7466D84021AE9EC1001C5EA2 /* Project object */ = {
			isa = PBXProject;
			attributes = {
				LastSwiftUpdateCheck = 1010;
				LastUpgradeCheck = 1010;
				ORGANIZATIONNAME = "Samuel Bartlett";
				TargetAttributes = {
					7466D84721AE9EC1001C5EA2 = {
						CreatedOnToolsVersion = 10.1;
					};
				};
			};
			buildConfigurationList = 7466D84321AE9EC1001C5EA2 /* Build configuration list for PBXProject "DO-List" */;
			compatibilityVersion = "Xcode 9.3";
			developmentRegion = en;
			hasScannedForEncodings = 0;
			knownRegions = (
				en,
				Base,
			);
			mainGroup = 7466D83F21AE9EC1001C5EA2;
			productRefGroup = 7466D84921AE9EC1001C5EA2 /* Products */;
			projectDirPath = "";
			projectRoot = "";
			targets = (
				7466D84721AE9EC1001C5EA2 /* DO-List */,
			);
		};
/* End PBXProject section */

/* Begin PBXResourcesBuildPhase section */
		7466D84621AE9EC1001C5EA2 /* Resources */ = {
			isa = PBXResourcesBuildPhase;
			buildActionMask = 2147483647;
			files = (
				7466D85621AE9EC3001C5EA2 /* LaunchScreen.storyboard in Resources */,
				7466D85321AE9EC3001C5EA2 /* Assets.xcassets in Resources */,
				7466D85121AE9EC1001C5EA2 /* Main.storyboard in Resources */,
			);
			runOnlyForDeploymentPostprocessing = 0;
		};
/* End PBXResourcesBuildPhase section */

/* Begin PBXSourcesBuildPhase section */
		7466D84421AE9EC1001C5EA2 /* Sources */ = {
			isa = PBXSourcesBuildPhase;
			buildActionMask = 2147483647;
			files = (
				741A42B821B02048008F24F8 /* DataModel.xcdatamodeld in Sources */,
				7466D84E21AE9EC1001C5EA2 /* TODOListViewController.swift in Sources */,
				7466D84C21AE9EC1001C5EA2 /* AppDelegate.swift in Sources */,
			);
			runOnlyForDeploymentPostprocessing = 0;
		};
/* End PBXSourcesBuildPhase section */

/* Begin PBXVariantGroup section */
		7466D84F21AE9EC1001C5EA2 /* Main.storyboard */ = {
			isa = PBXVariantGroup;
			children = (
				7466D85021AE9EC1001C5EA2 /* Base */,
			);
			name = Main.storyboard;
			sourceTree = "<group>";
		};
		7466D85421AE9EC3001C5EA2 /* LaunchScreen.storyboard */ = {
			isa = PBXVariantGroup;
			children = (
				7466D85521AE9EC3001C5EA2 /* Base */,
			);
			name = LaunchScreen.storyboard;
			sourceTree = "<group>";
		};
/* End PBXVariantGroup section */

/* Begin XCBuildConfiguration section */
		7466D85821AE9EC3001C5EA2 /* Debug */ = {
			isa = XCBuildConfiguration;
			buildSettings = {
				ALWAYS_SEARCH_USER_PATHS = NO;
				CLANG_ANALYZER_NONNULL = YES;
				CLANG_ANALYZER_NUMBER_OBJECT_CONVERSION = YES_AGGRESSIVE;
				CLANG_CXX_LANGUAGE_STANDARD = "gnu++14";
				CLANG_CXX_LIBRARY = "libc++";
				CLANG_ENABLE_MODULES = YES;
				CLANG_ENABLE_OBJC_ARC = YES;
				CLANG_ENABLE_OBJC_WEAK = YES;
				CLANG_WARN_BLOCK_CAPTURE_AUTORELEASING = YES;
				CLANG_WARN_BOOL_CONVERSION = YES;
				CLANG_WARN_COMMA = YES;
				CLANG_WARN_CONSTANT_CONVERSION = YES;
				CLANG_WARN_DEPRECATED_OBJC_IMPLEMENTATIONS = YES;
				CLANG_WARN_DIRECT_OBJC_ISA_USAGE = YES_ERROR;
				CLANG_WARN_DOCUMENTATION_COMMENTS = YES;
				CLANG_WARN_EMPTY_BODY = YES;
				CLANG_WARN_ENUM_CONVERSION = YES;
				CLANG_WARN_INFINITE_RECURSION = YES;
				CLANG_WARN_INT_CONVERSION = YES;
				CLANG_WARN_NON_LITERAL_NULL_CONVERSION = YES;
				CLANG_WARN_OBJC_IMPLICIT_RETAIN_SELF = YES;
				CLANG_WARN_OBJC_LITERAL_CONVERSION = YES;
				CLANG_WARN_OBJC_ROOT_CLASS = YES_ERROR;
				CLANG_WARN_RANGE_LOOP_ANALYSIS = YES;
				CLANG_WARN_STRICT_PROTOTYPES = YES;
				CLANG_WARN_SUSPICIOUS_MOVE = YES;
				CLANG_WARN_UNGUARDED_AVAILABILITY = YES_AGGRESSIVE;
				CLANG_WARN_UNREACHABLE_CODE = YES;
				CLANG_WARN__DUPLICATE_METHOD_MATCH = YES;
				CODE_SIGN_IDENTITY = "iPhone Developer";
				COPY_PHASE_STRIP = NO;
				DEBUG_INFORMATION_FORMAT = dwarf;
				ENABLE_STRICT_OBJC_MSGSEND = YES;
				ENABLE_TESTABILITY = YES;
				GCC_C_LANGUAGE_STANDARD = gnu11;
				GCC_DYNAMIC_NO_PIC = NO;
				GCC_NO_COMMON_BLOCKS = YES;
				GCC_OPTIMIZATION_LEVEL = 0;
				GCC_PREPROCESSOR_DEFINITIONS = (
					"DEBUG=1",
					"$(inherited)",
				);
				GCC_WARN_64_TO_32_BIT_CONVERSION = YES;
				GCC_WARN_ABOUT_RETURN_TYPE = YES_ERROR;
				GCC_WARN_UNDECLARED_SELECTOR = YES;
				GCC_WARN_UNINITIALIZED_AUTOS = YES_AGGRESSIVE;
				GCC_WARN_UNUSED_FUNCTION = YES;
				GCC_WARN_UNUSED_VARIABLE = YES;
				IPHONEOS_DEPLOYMENT_TARGET = 12.1;
				MTL_ENABLE_DEBUG_INFO = INCLUDE_SOURCE;
				MTL_FAST_MATH = YES;
				ONLY_ACTIVE_ARCH = YES;
				SDKROOT = iphoneos;
				SWIFT_ACTIVE_COMPILATION_CONDITIONS = DEBUG;
				SWIFT_OPTIMIZATION_LEVEL = "-Onone";
			};
			name = Debug;
		};
		7466D85921AE9EC3001C5EA2 /* Release */ = {
			isa = XCBuildConfiguration;
			buildSettings = {
				ALWAYS_SEARCH_USER_PATHS = NO;
				CLANG_ANALYZER_NONNULL = YES;
				CLANG_ANALYZER_NUMBER_OBJECT_CONVERSION = YES_AGGRESSIVE;
				CLANG_CXX_LANGUAGE_STANDARD = "gnu++14";
				CLANG_CXX_LIBRARY = "libc++";
				CLANG_ENABLE_MODULES = YES;
				CLANG_ENABLE_OBJC_ARC = YES;
				CLANG_ENABLE_OBJC_WEAK = YES;
				CLANG_WARN_BLOCK_CAPTURE_AUTORELEASING = YES;
				CLANG_WARN_BOOL_CONVERSION = YES;
				CLANG_WARN_COMMA = YES;
				CLANG_WARN_CONSTANT_CONVERSION = YES;
				CLANG_WARN_DEPRECATED_OBJC_IMPLEMENTATIONS = YES;
				CLANG_WARN_DIRECT_OBJC_ISA_USAGE = YES_ERROR;
				CLANG_WARN_DOCUMENTATION_COMMENTS = YES;
				CLANG_WARN_EMPTY_BODY = YES;
				CLANG_WARN_ENUM_CONVERSION = YES;
				CLANG_WARN_INFINITE_RECURSION = YES;
				CLANG_WARN_INT_CONVERSION = YES;
				CLANG_WARN_NON_LITERAL_NULL_CONVERSION = YES;
				CLANG_WARN_OBJC_IMPLICIT_RETAIN_SELF = YES;
				CLANG_WARN_OBJC_LITERAL_CONVERSION = YES;
				CLANG_WARN_OBJC_ROOT_CLASS = YES_ERROR;
				CLANG_WARN_RANGE_LOOP_ANALYSIS = YES;
				CLANG_WARN_STRICT_PROTOTYPES = YES;
				CLANG_WARN_SUSPICIOUS_MOVE = YES;
				CLANG_WARN_UNGUARDED_AVAILABILITY = YES_AGGRESSIVE;
				CLANG_WARN_UNREACHABLE_CODE = YES;
				CLANG_WARN__DUPLICATE_METHOD_MATCH = YES;
				CODE_SIGN_IDENTITY = "iPhone Developer";
				COPY_PHASE_STRIP = NO;
				DEBUG_INFORMATION_FORMAT = "dwarf-with-dsym";
				ENABLE_NS_ASSERTIONS = NO;
				ENABLE_STRICT_OBJC_MSGSEND = YES;
				GCC_C_LANGUAGE_STANDARD = gnu11;
				GCC_NO_COMMON_BLOCKS = YES;
				GCC_WARN_64_TO_32_BIT_CONVERSION = YES;
				GCC_WARN_ABOUT_RETURN_TYPE = YES_ERROR;
				GCC_WARN_UNDECLARED_SELECTOR = YES;
				GCC_WARN_UNINITIALIZED_AUTOS = YES_AGGRESSIVE;
				GCC_WARN_UNUSED_FUNCTION = YES;
				GCC_WARN_UNUSED_VARIABLE = YES;
				IPHONEOS_DEPLOYMENT_TARGET = 12.1;
				MTL_ENABLE_DEBUG_INFO = NO;
				MTL_FAST_MATH = YES;
				SDKROOT = iphoneos;
				SWIFT_COMPILATION_MODE = wholemodule;
				SWIFT_OPTIMIZATION_LEVEL = "-O";
				VALIDATE_PRODUCT = YES;
			};
			name = Release;
		};
		7466D85B21AE9EC3001C5EA2 /* Debug */ = {
			isa = XCBuildConfiguration;
			buildSettings = {
				ASSETCATALOG_COMPILER_APPICON_NAME = AppIcon;
				CODE_SIGN_STYLE = Automatic;
				DEVELOPMENT_TEAM = BPN997Y2WZ;
				INFOPLIST_FILE = "DO-List/Info.plist";
				LD_RUNPATH_SEARCH_PATHS = (
					"$(inherited)",
					"@executable_path/Frameworks",
				);
				PRODUCT_BUNDLE_IDENTIFIER = "com.SamuelBartlett.DO-List";
				PRODUCT_NAME = "$(TARGET_NAME)";
				SWIFT_VERSION = 4.2;
				TARGETED_DEVICE_FAMILY = 1;
			};
			name = Debug;
		};
		7466D85C21AE9EC3001C5EA2 /* Release */ = {
			isa = XCBuildConfiguration;
			buildSettings = {
				ASSETCATALOG_COMPILER_APPICON_NAME = AppIcon;
				CODE_SIGN_STYLE = Automatic;
				DEVELOPMENT_TEAM = BPN997Y2WZ;
				INFOPLIST_FILE = "DO-List/Info.plist";
				LD_RUNPATH_SEARCH_PATHS = (
					"$(inherited)",
					"@executable_path/Frameworks",
				);
				PRODUCT_BUNDLE_IDENTIFIER = "com.SamuelBartlett.DO-List";
				PRODUCT_NAME = "$(TARGET_NAME)";
				SWIFT_VERSION = 4.2;
				TARGETED_DEVICE_FAMILY = 1;
			};
			name = Release;
		};
/* End XCBuildConfiguration section */

/* Begin XCConfigurationList section */
		7466D84321AE9EC1001C5EA2 /* Build configuration list for PBXProject "DO-List" */ = {
			isa = XCConfigurationList;
			buildConfigurations = (
				7466D85821AE9EC3001C5EA2 /* Debug */,
				7466D85921AE9EC3001C5EA2 /* Release */,
			);
			defaultConfigurationIsVisible = 0;
			defaultConfigurationName = Release;
		};
		7466D85A21AE9EC3001C5EA2 /* Build configuration list for PBXNativeTarget "DO-List" */ = {
			isa = XCConfigurationList;
			buildConfigurations = (
				7466D85B21AE9EC3001C5EA2 /* Debug */,
				7466D85C21AE9EC3001C5EA2 /* Release */,
			);
			defaultConfigurationIsVisible = 0;
			defaultConfigurationName = Release;
		};
/* End XCConfigurationList section */

/* Begin XCVersionGroup section */
		741A42B621B02048008F24F8 /* DataModel.xcdatamodeld */ = {
			isa = XCVersionGroup;
			children = (
				741A42B721B02048008F24F8 /* DataModel.xcdatamodel */,
			);
			currentVersion = 741A42B721B02048008F24F8 /* DataModel.xcdatamodel */;
			path = DataModel.xcdatamodeld;
			sourceTree = "<group>";
			versionGroupType = wrapper.xcdatamodel;
		};
/* End XCVersionGroup section */
	};
	rootObject = 7466D84021AE9EC1001C5EA2 /* Project object */;
}
